<?xml version="1.0" encoding="utf-8"?>
<Project ToolsVersion="4.0" xmlns="http://schemas.microsoft.com/developer/msbuild/2003">
  <ItemGroup>
    <Filter Include="源文件">
      <UniqueIdentifier>{4FC737F1-C7A5-4376-A066-2A32D752A2FF}</UniqueIdentifier>
      <Extensions>cpp;c;cc;cxx;def;odl;idl;hpj;bat;asm;asmx</Extensions>
    </Filter>
    <Filter Include="头文件">
      <UniqueIdentifier>{93995380-89BD-4b04-88EB-625FBE52EBFB}</UniqueIdentifier>
      <Extensions>h;hpp;hxx;hm;inl;inc;xsd</Extensions>
    </Filter>
    <Filter Include="资源文件">
      <UniqueIdentifier>{67DA6AB6-F800-4c08-8B7A-83BB121AAD01}</UniqueIdentifier>
      <Extensions>rc;ico;cur;bmp;dlg;rc2;rct;bin;rgs;gif;jpg;jpeg;0jpe;resx;tiff;tif;png;wav;mfcribbon-ms</Extensions>
    </Filter>
    <Filter Include="资源文件\shader">
      <UniqueIdentifier>{16acf0e7-6c90-4240-bd8c-a69d3b0cf6b3}</UniqueIdentifier>
    </Filter>
    <Filter Include="资源文件\shader\normal">
      <UniqueIdentifier>{74b0a6a1-e13c-460b-8232-3cc6c80a8385}</UniqueIdentifier>
    </Filter>
  </ItemGroup>
  <ItemGroup>
    <ClInclude Include="CMaterial.h">
      <Filter>头文件</Filter>
    </ClInclude>
    <ClInclude Include="CMesh.h">
      <Filter>头文件</Filter>
    </ClInclude>
    <ClInclude Include="Matrices.h">
      <Filter>头文件</Filter>
    </ClInclude>
    <ClInclude Include="NormalShader.h">
      <Filter>头文件</Filter>
    </ClInclude>
    <ClInclude Include="Shader.h">
      <Filter>头文件</Filter>
    </ClInclude>
    <ClInclude Include="Vectors.h">
      <Filter>头文件</Filter>
    </ClInclude>
    <ClInclude Include="Timer.h">
      <Filter>头文件</Filter>
    </ClInclude>
  </ItemGroup>
  <ItemGroup>
    <ClCompile Include="CMaterial.cpp">
      <Filter>源文件</Filter>
    </ClCompile>
    <ClCompile Include="CMesh.cpp">
      <Filter>源文件</Filter>
    </ClCompile>
    <ClCompile Include="main.cpp">
      <Filter>源文件</Filter>
    </ClCompile>
    <ClCompile Include="Matrices.cpp">
      <Filter>源文件</Filter>
    </ClCompile>
    <ClCompile Include="NormalShader.cpp">
      <Filter>源文件</Filter>
    </ClCompile>
    <ClCompile Include="Shader.cpp">
      <Filter>源文件</Filter>
    </ClCompile>
    <ClCompile Include="Timer.cpp">
      <Filter>源文件</Filter>
    </ClCompile>
  </ItemGroup>
  <ItemGroup>
    <None Include="..\res\shader\normal\shader.frag">
      <Filter>资源文件\shader\normal</Filter>
    </None>
    <None Include="..\res\shader\normal\shader.vert">
      <Filter>资源文件\shader\normal</Filter>
    </None>
  </ItemGroup>
</Project>