// !$*UTF8*$!
{
	archiveVersion = 1;
	classes = {
	};
	objectVersion = 46;
	objects = {

/* Begin PBXBuildFile section */
		2700A02018E50E8B0030CA02 /* Shader.cpp in Sources */ = {isa = PBXBuildFile; fileRef = 2700A01E18E50E8B0030CA02 /* Shader.cpp */; };
		2702465818F83BCE00904E6A /* MapShader.cpp in Sources */ = {isa = PBXBuildFile; fileRef = 2702465618F83BCE00904E6A /* MapShader.cpp */; };
		271DA60518DFC0D600BC7A8C /* main.cpp in Sources */ = {isa = PBXBuildFile; fileRef = 271DA60318DFC0D600BC7A8C /* main.cpp */; };
		271DA60718DFC1BF00BC7A8C /* OpenGL.framework in Frameworks */ = {isa = PBXBuildFile; fileRef = 271DA60618DFC1BF00BC7A8C /* OpenGL.framework */; };
		271DA60918DFC1DF00BC7A8C /* GLUT.framework in Frameworks */ = {isa = PBXBuildFile; fileRef = 271DA60818DFC1DF00BC7A8C /* GLUT.framework */; };
		27D968CE18E2A94000E7AF37 /* libGLEW.a in Frameworks */ = {isa = PBXBuildFile; fileRef = 27D968CD18E2A94000E7AF37 /* libGLEW.a */; };
		27F667BA18F7C5D100CB75C5 /* image_DXT.c in Sources */ = {isa = PBXBuildFile; fileRef = 27F667B018F7C5D100CB75C5 /* image_DXT.c */; };
		27F667BB18F7C5D100CB75C5 /* image_helper.c in Sources */ = {isa = PBXBuildFile; fileRef = 27F667B218F7C5D100CB75C5 /* image_helper.c */; };
		27F667BC18F7C5D100CB75C5 /* soil.c in Sources */ = {isa = PBXBuildFile; fileRef = 27F667B418F7C5D100CB75C5 /* soil.c */; };
		27F667BD18F7C5D100CB75C5 /* stb_image_aug.c in Sources */ = {isa = PBXBuildFile; fileRef = 27F667B618F7C5D100CB75C5 /* stb_image_aug.c */; };
		27FA498E18FA2C8D00BB917D /* Material.cpp in Sources */ = {isa = PBXBuildFile; fileRef = 27FA498418FA2C8D00BB917D /* Material.cpp */; };
		27FA498F18FA2C8D00BB917D /* Mesh.cpp in Sources */ = {isa = PBXBuildFile; fileRef = 27FA498618FA2C8D00BB917D /* Mesh.cpp */; };
		27FA499018FA2C8D00BB917D /* Node.cpp in Sources */ = {isa = PBXBuildFile; fileRef = 27FA498818FA2C8D00BB917D /* Node.cpp */; };
		27FA499118FA2C8D00BB917D /* Scene.cpp in Sources */ = {isa = PBXBuildFile; fileRef = 27FA498A18FA2C8D00BB917D /* Scene.cpp */; };
		27FA499218FA2C8D00BB917D /* Texture.cpp in Sources */ = {isa = PBXBuildFile; fileRef = 27FA498C18FA2C8D00BB917D /* Texture.cpp */; };
		27FCF13418E7F4A100A390F8 /* NormalMapShader.cpp in Sources */ = {isa = PBXBuildFile; fileRef = 27FCF13218E7F4A100A390F8 /* NormalMapShader.cpp */; };
		27FCF13D18E8077F00A390F8 /* Matrices.cpp in Sources */ = {isa = PBXBuildFile; fileRef = 27FCF13918E8077F00A390F8 /* Matrices.cpp */; };
		27FF669518F386C5008F8626 /* Timer.cpp in Sources */ = {isa = PBXBuildFile; fileRef = 27FF669318F386C5008F8626 /* Timer.cpp */; };
/* End PBXBuildFile section */

/* Begin PBXCopyFilesBuildPhase section */
		2701E03E18DFC03500723795 /* CopyFiles */ = {
			isa = PBXCopyFilesBuildPhase;
			buildActionMask = 2147483647;
			dstPath = /usr/share/man/man1/;
			dstSubfolderSpec = 0;
			files = (
			);
			runOnlyForDeploymentPostprocessing = 1;
		};
/* End PBXCopyFilesBuildPhase section */

/* Begin PBXFileReference section */
		2700A01E18E50E8B0030CA02 /* Shader.cpp */ = {isa = PBXFileReference; fileEncoding = 4; lastKnownFileType = sourcecode.cpp.cpp; path = Shader.cpp; sourceTree = "<group>"; };
		2700A01F18E50E8B0030CA02 /* Shader.h */ = {isa = PBXFileReference; fileEncoding = 4; lastKnownFileType = sourcecode.c.h; path = Shader.h; sourceTree = "<group>"; };
		2701E04018DFC03500723795 /* model3d */ = {isa = PBXFileReference; explicitFileType = "compiled.mach-o.executable"; includeInIndex = 0; path = model3d; sourceTree = BUILT_PRODUCTS_DIR; };
		2702465618F83BCE00904E6A /* MapShader.cpp */ = {isa = PBXFileReference; fileEncoding = 4; lastKnownFileType = sourcecode.cpp.cpp; path = MapShader.cpp; sourceTree = "<group>"; };
		2702465718F83BCE00904E6A /* MapShader.h */ = {isa = PBXFileReference; fileEncoding = 4; lastKnownFileType = sourcecode.c.h; path = MapShader.h; sourceTree = "<group>"; };
		271DA60318DFC0D600BC7A8C /* main.cpp */ = {isa = PBXFileReference; fileEncoding = 4; lastKnownFileType = sourcecode.cpp.cpp; path = main.cpp; sourceTree = "<group>"; };
		271DA60618DFC1BF00BC7A8C /* OpenGL.framework */ = {isa = PBXFileReference; lastKnownFileType = wrapper.framework; name = OpenGL.framework; path = System/Library/Frameworks/OpenGL.framework; sourceTree = SDKROOT; };
		271DA60818DFC1DF00BC7A8C /* GLUT.framework */ = {isa = PBXFileReference; lastKnownFileType = wrapper.framework; name = GLUT.framework; path = System/Library/Frameworks/GLUT.framework; sourceTree = SDKROOT; };
		27D968CD18E2A94000E7AF37 /* libGLEW.a */ = {isa = PBXFileReference; lastKnownFileType = archive.ar; name = libGLEW.a; path = /opt/local/lib/libGLEW.a; sourceTree = "<absolute>"; };
		27F667B018F7C5D100CB75C5 /* image_DXT.c */ = {isa = PBXFileReference; fileEncoding = 4; lastKnownFileType = sourcecode.c.c; path = image_DXT.c; sourceTree = "<group>"; };
		27F667B118F7C5D100CB75C5 /* image_DXT.h */ = {isa = PBXFileReference; fileEncoding = 4; lastKnownFileType = sourcecode.c.h; path = image_DXT.h; sourceTree = "<group>"; };
		27F667B218F7C5D100CB75C5 /* image_helper.c */ = {isa = PBXFileReference; fileEncoding = 4; lastKnownFileType = sourcecode.c.c; path = image_helper.c; sourceTree = "<group>"; };
		27F667B318F7C5D100CB75C5 /* image_helper.h */ = {isa = PBXFileReference; fileEncoding = 4; lastKnownFileType = sourcecode.c.h; path = image_helper.h; sourceTree = "<group>"; };
		27F667B418F7C5D100CB75C5 /* soil.c */ = {isa = PBXFileReference; fileEncoding = 4; lastKnownFileType = sourcecode.c.c; path = soil.c; sourceTree = "<group>"; };
		27F667B518F7C5D100CB75C5 /* soil.h */ = {isa = PBXFileReference; fileEncoding = 4; lastKnownFileType = sourcecode.c.h; path = soil.h; sourceTree = "<group>"; };
		27F667B618F7C5D100CB75C5 /* stb_image_aug.c */ = {isa = PBXFileReference; fileEncoding = 4; lastKnownFileType = sourcecode.c.c; path = stb_image_aug.c; sourceTree = "<group>"; };
		27F667B718F7C5D100CB75C5 /* stb_image_aug.h */ = {isa = PBXFileReference; fileEncoding = 4; lastKnownFileType = sourcecode.c.h; path = stb_image_aug.h; sourceTree = "<group>"; };
		27F667B818F7C5D100CB75C5 /* stbi_DDS_aug_c.h */ = {isa = PBXFileReference; fileEncoding = 4; lastKnownFileType = sourcecode.c.h; path = stbi_DDS_aug_c.h; sourceTree = "<group>"; };
		27F667B918F7C5D100CB75C5 /* stbi_DDS_aug.h */ = {isa = PBXFileReference; fileEncoding = 4; lastKnownFileType = sourcecode.c.h; path = stbi_DDS_aug.h; sourceTree = "<group>"; };
		27F667C618F7E35E00CB75C5 /* platform.h */ = {isa = PBXFileReference; lastKnownFileType = sourcecode.c.h; path = platform.h; sourceTree = "<group>"; };
		27FA498418FA2C8D00BB917D /* Material.cpp */ = {isa = PBXFileReference; fileEncoding = 4; lastKnownFileType = sourcecode.cpp.cpp; path = Material.cpp; sourceTree = "<group>"; };
		27FA498518FA2C8D00BB917D /* Material.h */ = {isa = PBXFileReference; fileEncoding = 4; lastKnownFileType = sourcecode.c.h; path = Material.h; sourceTree = "<group>"; };
		27FA498618FA2C8D00BB917D /* Mesh.cpp */ = {isa = PBXFileReference; fileEncoding = 4; lastKnownFileType = sourcecode.cpp.cpp; path = Mesh.cpp; sourceTree = "<group>"; };
		27FA498718FA2C8D00BB917D /* Mesh.h */ = {isa = PBXFileReference; fileEncoding = 4; lastKnownFileType = sourcecode.c.h; path = Mesh.h; sourceTree = "<group>"; };
		27FA498818FA2C8D00BB917D /* Node.cpp */ = {isa = PBXFileReference; fileEncoding = 4; lastKnownFileType = sourcecode.cpp.cpp; path = Node.cpp; sourceTree = "<group>"; };
		27FA498918FA2C8D00BB917D /* Node.h */ = {isa = PBXFileReference; fileEncoding = 4; lastKnownFileType = sourcecode.c.h; path = Node.h; sourceTree = "<group>"; };
		27FA498A18FA2C8D00BB917D /* Scene.cpp */ = {isa = PBXFileReference; fileEncoding = 4; lastKnownFileType = sourcecode.cpp.cpp; path = Scene.cpp; sourceTree = "<group>"; };
		27FA498B18FA2C8D00BB917D /* Scene.h */ = {isa = PBXFileReference; fileEncoding = 4; lastKnownFileType = sourcecode.c.h; path = Scene.h; sourceTree = "<group>"; };
		27FA498C18FA2C8D00BB917D /* Texture.cpp */ = {isa = PBXFileReference; fileEncoding = 4; lastKnownFileType = sourcecode.cpp.cpp; path = Texture.cpp; sourceTree = "<group>"; };
		27FA498D18FA2C8D00BB917D /* Texture.h */ = {isa = PBXFileReference; fileEncoding = 4; lastKnownFileType = sourcecode.c.h; path = Texture.h; sourceTree = "<group>"; };
		27FA499418FA3D0800BB917D /* shader.frag */ = {isa = PBXFileReference; fileEncoding = 4; lastKnownFileType = sourcecode.glsl; path = shader.frag; sourceTree = "<group>"; };
		27FA499518FA3D0800BB917D /* shader.vert */ = {isa = PBXFileReference; fileEncoding = 4; lastKnownFileType = sourcecode.glsl; path = shader.vert; sourceTree = "<group>"; };
		27FCF13218E7F4A100A390F8 /* NormalMapShader.cpp */ = {isa = PBXFileReference; fileEncoding = 4; lastKnownFileType = sourcecode.cpp.cpp; path = NormalMapShader.cpp; sourceTree = "<group>"; };
		27FCF13318E7F4A100A390F8 /* NormalMapShader.h */ = {isa = PBXFileReference; fileEncoding = 4; lastKnownFileType = sourcecode.c.h; path = NormalMapShader.h; sourceTree = "<group>"; };
		27FCF13618E7FD8F00A390F8 /* shader.vert */ = {isa = PBXFileReference; fileEncoding = 4; lastKnownFileType = sourcecode.glsl; path = shader.vert; sourceTree = "<group>"; };
		27FCF13718E7FDAA00A390F8 /* shader.frag */ = {isa = PBXFileReference; fileEncoding = 4; lastKnownFileType = sourcecode.glsl; path = shader.frag; sourceTree = "<group>"; };
		27FCF13918E8077F00A390F8 /* Matrices.cpp */ = {isa = PBXFileReference; fileEncoding = 4; lastKnownFileType = sourcecode.cpp.cpp; path = Matrices.cpp; sourceTree = "<group>"; };
		27FCF13A18E8077F00A390F8 /* Matrices.h */ = {isa = PBXFileReference; fileEncoding = 4; lastKnownFileType = sourcecode.c.h; path = Matrices.h; sourceTree = "<group>"; };
		27FCF13C18E8077F00A390F8 /* Vectors.h */ = {isa = PBXFileReference; fileEncoding = 4; lastKnownFileType = sourcecode.c.h; path = Vectors.h; sourceTree = "<group>"; };
		27FF669318F386C5008F8626 /* Timer.cpp */ = {isa = PBXFileReference; fileEncoding = 4; lastKnownFileType = sourcecode.cpp.cpp; path = Timer.cpp; sourceTree = "<group>"; };
		27FF669418F386C5008F8626 /* Timer.h */ = {isa = PBXFileReference; fileEncoding = 4; lastKnownFileType = sourcecode.c.h; path = Timer.h; sourceTree = "<group>"; };
/* End PBXFileReference section */

/* Begin PBXFrameworksBuildPhase section */
		2701E03D18DFC03500723795 /* Frameworks */ = {
			isa = PBXFrameworksBuildPhase;
			buildActionMask = 2147483647;
			files = (
				27D968CE18E2A94000E7AF37 /* libGLEW.a in Frameworks */,
				271DA60918DFC1DF00BC7A8C /* GLUT.framework in Frameworks */,
				271DA60718DFC1BF00BC7A8C /* OpenGL.framework in Frameworks */,
			);
			runOnlyForDeploymentPostprocessing = 0;
		};
/* End PBXFrameworksBuildPhase section */

/* Begin PBXGroup section */
		2700A01D18E50E540030CA02 /* shader */ = {
			isa = PBXGroup;
			children = (
				27FCF0E818E7C11500A390F8 /* base */,
				27FCF13318E7F4A100A390F8 /* NormalMapShader.h */,
				27FCF13218E7F4A100A390F8 /* NormalMapShader.cpp */,
				2702465718F83BCE00904E6A /* MapShader.h */,
				2702465618F83BCE00904E6A /* MapShader.cpp */,
			);
			path = shader;
			sourceTree = "<group>";
		};
		2701E03718DFC03500723795 = {
			isa = PBXGroup;
			children = (
				2701E04218DFC03500723795 /* model3d */,
				27F8CD3518E1693B00FBAC17 /* assert */,
				27D968CF18E2CC8600E7AF37 /* framework */,
				2701E04118DFC03500723795 /* Products */,
			);
			sourceTree = "<group>";
		};
		2701E04118DFC03500723795 /* Products */ = {
			isa = PBXGroup;
			children = (
				2701E04018DFC03500723795 /* model3d */,
			);
			name = Products;
			sourceTree = "<group>";
		};
		2701E04218DFC03500723795 /* model3d */ = {
			isa = PBXGroup;
			children = (
				27F667C218F7DE5C00CB75C5 /* app */,
				27FF669218F38503008F8626 /* tools */,
				27808DDE18EDB11200B76A2C /* 3d */,
				2700A01D18E50E540030CA02 /* shader */,
				271DA60318DFC0D600BC7A8C /* main.cpp */,
			);
			path = model3d;
			sourceTree = "<group>";
		};
		27808DDE18EDB11200B76A2C /* 3d */ = {
			isa = PBXGroup;
			children = (
				27FA498418FA2C8D00BB917D /* Material.cpp */,
				27FA498518FA2C8D00BB917D /* Material.h */,
				27FA498618FA2C8D00BB917D /* Mesh.cpp */,
				27FA498718FA2C8D00BB917D /* Mesh.h */,
				27FA498818FA2C8D00BB917D /* Node.cpp */,
				27FA498918FA2C8D00BB917D /* Node.h */,
				27FA498A18FA2C8D00BB917D /* Scene.cpp */,
				27FA498B18FA2C8D00BB917D /* Scene.h */,
				27FA498C18FA2C8D00BB917D /* Texture.cpp */,
				27FA498D18FA2C8D00BB917D /* Texture.h */,
			);
			path = 3d;
			sourceTree = "<group>";
		};
		278D74BB18F3A58A00324A19 /* shader */ = {
			isa = PBXGroup;
			children = (
				27FA499318FA3CF000BB917D /* map */,
				278D74BC18F3A5AC00324A19 /* normal_map */,
			);
			path = shader;
			sourceTree = "<group>";
		};
		278D74BC18F3A5AC00324A19 /* normal_map */ = {
			isa = PBXGroup;
			children = (
				27FCF13618E7FD8F00A390F8 /* shader.vert */,
				27FCF13718E7FDAA00A390F8 /* shader.frag */,
			);
			name = normal_map;
			path = ../../assert/shader/normal_map;
			sourceTree = "<group>";
		};
		27D968CF18E2CC8600E7AF37 /* framework */ = {
			isa = PBXGroup;
			children = (
				27D968CD18E2A94000E7AF37 /* libGLEW.a */,
				271DA60818DFC1DF00BC7A8C /* GLUT.framework */,
				271DA60618DFC1BF00BC7A8C /* OpenGL.framework */,
			);
			name = framework;
			sourceTree = "<group>";
		};
		27F667AF18F7C5A100CB75C5 /* soil */ = {
			isa = PBXGroup;
			children = (
				27F667B018F7C5D100CB75C5 /* image_DXT.c */,
				27F667B118F7C5D100CB75C5 /* image_DXT.h */,
				27F667B218F7C5D100CB75C5 /* image_helper.c */,
				27F667B318F7C5D100CB75C5 /* image_helper.h */,
				27F667B418F7C5D100CB75C5 /* soil.c */,
				27F667B518F7C5D100CB75C5 /* soil.h */,
				27F667B618F7C5D100CB75C5 /* stb_image_aug.c */,
				27F667B718F7C5D100CB75C5 /* stb_image_aug.h */,
				27F667B818F7C5D100CB75C5 /* stbi_DDS_aug_c.h */,
				27F667B918F7C5D100CB75C5 /* stbi_DDS_aug.h */,
			);
			path = soil;
			sourceTree = "<group>";
		};
		27F667C118F7DE4300CB75C5 /* timer */ = {
			isa = PBXGroup;
			children = (
				27FF669318F386C5008F8626 /* Timer.cpp */,
				27FF669418F386C5008F8626 /* Timer.h */,
			);
			path = timer;
			sourceTree = "<group>";
		};
		27F667C218F7DE5C00CB75C5 /* app */ = {
			isa = PBXGroup;
			children = (
				27F667C618F7E35E00CB75C5 /* platform.h */,
			);
			path = app;
			sourceTree = "<group>";
		};
		27F8CD3518E1693B00FBAC17 /* assert */ = {
			isa = PBXGroup;
			children = (
				278D74BB18F3A58A00324A19 /* shader */,
			);
			path = assert;
			sourceTree = "<group>";
		};
		27FA499318FA3CF000BB917D /* map */ = {
			isa = PBXGroup;
			children = (
				27FA499418FA3D0800BB917D /* shader.frag */,
				27FA499518FA3D0800BB917D /* shader.vert */,
			);
			path = map;
			sourceTree = "<group>";
		};
		27FCF0E818E7C11500A390F8 /* base */ = {
			isa = PBXGroup;
			children = (
				2700A01F18E50E8B0030CA02 /* Shader.h */,
				2700A01E18E50E8B0030CA02 /* Shader.cpp */,
			);
			path = base;
			sourceTree = "<group>";
		};
		27FCF13818E8074300A390F8 /* matrix */ = {
			isa = PBXGroup;
			children = (
				27FCF13918E8077F00A390F8 /* Matrices.cpp */,
				27FCF13A18E8077F00A390F8 /* Matrices.h */,
				27FCF13C18E8077F00A390F8 /* Vectors.h */,
			);
			path = matrix;
			sourceTree = "<group>";
		};
		27FF669218F38503008F8626 /* tools */ = {
			isa = PBXGroup;
			children = (
				27F667C118F7DE4300CB75C5 /* timer */,
				27FCF13818E8074300A390F8 /* matrix */,
				27F667AF18F7C5A100CB75C5 /* soil */,
			);
			path = tools;
			sourceTree = "<group>";
		};
/* End PBXGroup section */

/* Begin PBXNativeTarget section */
		2701E03F18DFC03500723795 /* model3d */ = {
			isa = PBXNativeTarget;
			buildConfigurationList = 2701E04918DFC03500723795 /* Build configuration list for PBXNativeTarget "model3d" */;
			buildPhases = (
				2701E03C18DFC03500723795 /* Sources */,
				2701E03D18DFC03500723795 /* Frameworks */,
				2701E03E18DFC03500723795 /* CopyFiles */,
			);
			buildRules = (
			);
			dependencies = (
			);
			name = model3d;
			productName = model3d;
			productReference = 2701E04018DFC03500723795 /* model3d */;
			productType = "com.apple.product-type.tool";
		};
/* End PBXNativeTarget section */

/* Begin PBXProject section */
		2701E03818DFC03500723795 /* Project object */ = {
			isa = PBXProject;
			attributes = {
				LastUpgradeCheck = 0510;
				ORGANIZATIONNAME = "___FULLUSERNAME___";
			};
			buildConfigurationList = 2701E03B18DFC03500723795 /* Build configuration list for PBXProject "model3d" */;
			compatibilityVersion = "Xcode 3.2";
			developmentRegion = English;
			hasScannedForEncodings = 0;
			knownRegions = (
				en,
			);
			mainGroup = 2701E03718DFC03500723795;
			productRefGroup = 2701E04118DFC03500723795 /* Products */;
			projectDirPath = "";
			projectRoot = "";
			targets = (
				2701E03F18DFC03500723795 /* model3d */,
			);
		};
/* End PBXProject section */

/* Begin PBXSourcesBuildPhase section */
		2701E03C18DFC03500723795 /* Sources */ = {
			isa = PBXSourcesBuildPhase;
			buildActionMask = 2147483647;
			files = (
				27FA499218FA2C8D00BB917D /* Texture.cpp in Sources */,
				27F667BC18F7C5D100CB75C5 /* soil.c in Sources */,
				2700A02018E50E8B0030CA02 /* Shader.cpp in Sources */,
				27FCF13418E7F4A100A390F8 /* NormalMapShader.cpp in Sources */,
				27FCF13D18E8077F00A390F8 /* Matrices.cpp in Sources */,
				27FA498E18FA2C8D00BB917D /* Material.cpp in Sources */,
				27F667BD18F7C5D100CB75C5 /* stb_image_aug.c in Sources */,
				27FA498F18FA2C8D00BB917D /* Mesh.cpp in Sources */,
				27FF669518F386C5008F8626 /* Timer.cpp in Sources */,
				27FA499118FA2C8D00BB917D /* Scene.cpp in Sources */,
				27F667BB18F7C5D100CB75C5 /* image_helper.c in Sources */,
				27FA499018FA2C8D00BB917D /* Node.cpp in Sources */,
				2702465818F83BCE00904E6A /* MapShader.cpp in Sources */,
				27F667BA18F7C5D100CB75C5 /* image_DXT.c in Sources */,
				271DA60518DFC0D600BC7A8C /* main.cpp in Sources */,
			);
			runOnlyForDeploymentPostprocessing = 0;
		};
/* End PBXSourcesBuildPhase section */

/* Begin XCBuildConfiguration section */
		2701E04718DFC03500723795 /* Debug */ = {
			isa = XCBuildConfiguration;
			buildSettings = {
				ALWAYS_SEARCH_USER_PATHS = NO;
				CLANG_CXX_LANGUAGE_STANDARD = "gnu++0x";
				CLANG_CXX_LIBRARY = "libc++";
				CLANG_ENABLE_MODULES = YES;
				CLANG_ENABLE_OBJC_ARC = YES;
				CLANG_WARN_BOOL_CONVERSION = YES;
				CLANG_WARN_CONSTANT_CONVERSION = YES;
				CLANG_WARN_DIRECT_OBJC_ISA_USAGE = YES_ERROR;
				CLANG_WARN_EMPTY_BODY = YES;
				CLANG_WARN_ENUM_CONVERSION = YES;
				CLANG_WARN_INT_CONVERSION = YES;
				CLANG_WARN_OBJC_ROOT_CLASS = YES_ERROR;
				CLANG_WARN__DUPLICATE_METHOD_MATCH = YES;
				COPY_PHASE_STRIP = NO;
				GCC_C_LANGUAGE_STANDARD = gnu99;
				GCC_DYNAMIC_NO_PIC = NO;
				GCC_ENABLE_OBJC_EXCEPTIONS = YES;
				GCC_OPTIMIZATION_LEVEL = 0;
				GCC_PREPROCESSOR_DEFINITIONS = (
					"DEBUG=1",
					"$(inherited)",
				);
				GCC_SYMBOLS_PRIVATE_EXTERN = NO;
				GCC_WARN_64_TO_32_BIT_CONVERSION = YES;
				GCC_WARN_ABOUT_RETURN_TYPE = YES_ERROR;
				GCC_WARN_UNDECLARED_SELECTOR = YES;
				GCC_WARN_UNINITIALIZED_AUTOS = YES_AGGRESSIVE;
				GCC_WARN_UNUSED_FUNCTION = YES;
				GCC_WARN_UNUSED_VARIABLE = YES;
				MACOSX_DEPLOYMENT_TARGET = 10.9;
				ONLY_ACTIVE_ARCH = YES;
				SDKROOT = macosx;
			};
			name = Debug;
		};
		2701E04818DFC03500723795 /* Release */ = {
			isa = XCBuildConfiguration;
			buildSettings = {
				ALWAYS_SEARCH_USER_PATHS = NO;
				CLANG_CXX_LANGUAGE_STANDARD = "gnu++0x";
				CLANG_CXX_LIBRARY = "libc++";
				CLANG_ENABLE_MODULES = YES;
				CLANG_ENABLE_OBJC_ARC = YES;
				CLANG_WARN_BOOL_CONVERSION = YES;
				CLANG_WARN_CONSTANT_CONVERSION = YES;
				CLANG_WARN_DIRECT_OBJC_ISA_USAGE = YES_ERROR;
				CLANG_WARN_EMPTY_BODY = YES;
				CLANG_WARN_ENUM_CONVERSION = YES;
				CLANG_WARN_INT_CONVERSION = YES;
				CLANG_WARN_OBJC_ROOT_CLASS = YES_ERROR;
				CLANG_WARN__DUPLICATE_METHOD_MATCH = YES;
				COPY_PHASE_STRIP = YES;
				DEBUG_INFORMATION_FORMAT = "dwarf-with-dsym";
				ENABLE_NS_ASSERTIONS = NO;
				GCC_C_LANGUAGE_STANDARD = gnu99;
				GCC_ENABLE_OBJC_EXCEPTIONS = YES;
				GCC_WARN_64_TO_32_BIT_CONVERSION = YES;
				GCC_WARN_ABOUT_RETURN_TYPE = YES_ERROR;
				GCC_WARN_UNDECLARED_SELECTOR = YES;
				GCC_WARN_UNINITIALIZED_AUTOS = YES_AGGRESSIVE;
				GCC_WARN_UNUSED_FUNCTION = YES;
				GCC_WARN_UNUSED_VARIABLE = YES;
				MACOSX_DEPLOYMENT_TARGET = 10.9;
				SDKROOT = macosx;
			};
			name = Release;
		};
		2701E04A18DFC03500723795 /* Debug */ = {
			isa = XCBuildConfiguration;
			buildSettings = {
				HEADER_SEARCH_PATHS = (
					"$(inherited)",
					/Applications/Xcode.app/Contents/Developer/Toolchains/XcodeDefault.xctoolchain/usr/include,
					/opt/local/include/GL,
				);
				LIBRARY_SEARCH_PATHS = /opt/local/lib;
				PRODUCT_NAME = "$(TARGET_NAME)";
				USER_HEADER_SEARCH_PATHS = "$(SRCROOT)/app $(SRCROOT)/shader $(SRCROOT)/shader/base $(SRCROOT)/3d $(SRCROOT)/tools/timer $(SRCROOT)/tools/matrix $(SRCROOT)/tools/soil";
			};
			name = Debug;
		};
		2701E04B18DFC03500723795 /* Release */ = {
			isa = XCBuildConfiguration;
			buildSettings = {
				HEADER_SEARCH_PATHS = (
					"$(inherited)",
					/Applications/Xcode.app/Contents/Developer/Toolchains/XcodeDefault.xctoolchain/usr/include,
					/opt/local/include/GL,
				);
				LIBRARY_SEARCH_PATHS = /opt/local/lib;
				PRODUCT_NAME = "$(TARGET_NAME)";
				USER_HEADER_SEARCH_PATHS = "$(SRCROOT)/app $(SRCROOT)/shader $(SRCROOT)/shader/base $(SRCROOT)/3d $(SRCROOT)/tools/timer $(SRCROOT)/tools/matrix $(SRCROOT)/tools/soil";
			};
			name = Release;
		};
/* End XCBuildConfiguration section */

/* Begin XCConfigurationList section */
		2701E03B18DFC03500723795 /* Build configuration list for PBXProject "model3d" */ = {
			isa = XCConfigurationList;
			buildConfigurations = (
				2701E04718DFC03500723795 /* Debug */,
				2701E04818DFC03500723795 /* Release */,
			);
			defaultConfigurationIsVisible = 0;
			defaultConfigurationName = Release;
		};
		2701E04918DFC03500723795 /* Build configuration list for PBXNativeTarget "model3d" */ = {
			isa = XCConfigurationList;
			buildConfigurations = (
				2701E04A18DFC03500723795 /* Debug */,
				2701E04B18DFC03500723795 /* Release */,
			);
			defaultConfigurationIsVisible = 0;
			defaultConfigurationName = Release;
		};
/* End XCConfigurationList section */
	};
	rootObject = 2701E03818DFC03500723795 /* Project object */;
}
