// !$*UTF8*$!
{
	archiveVersion = 1;
	classes = {
	};
	objectVersion = 46;
	objects = {

/* Begin PBXBuildFile section */
		271DA60418DFC0D600BC7A8C /* model3d.cpp in Sources */ = {isa = PBXBuildFile; fileRef = 271DA60118DFC0D600BC7A8C /* model3d.cpp */; };
		271DA60518DFC0D600BC7A8C /* run.cpp in Sources */ = {isa = PBXBuildFile; fileRef = 271DA60318DFC0D600BC7A8C /* run.cpp */; };
		271DA60718DFC1BF00BC7A8C /* OpenGL.framework in Frameworks */ = {isa = PBXBuildFile; fileRef = 271DA60618DFC1BF00BC7A8C /* OpenGL.framework */; };
		271DA60918DFC1DF00BC7A8C /* GLUT.framework in Frameworks */ = {isa = PBXBuildFile; fileRef = 271DA60818DFC1DF00BC7A8C /* GLUT.framework */; };
/* End PBXBuildFile section */

/* Begin PBXCopyFilesBuildPhase section */
		2701E03E18DFC03500723795 /* CopyFiles */ = {
			isa = PBXCopyFilesBuildPhase;
			buildActionMask = 2147483647;
			dstPath = /usr/share/man/man1/;
			dstSubfolderSpec = 0;
			files = (
			);
			runOnlyForDeploymentPostprocessing = 1;
		};
/* End PBXCopyFilesBuildPhase section */

/* Begin PBXFileReference section */
		2701E04018DFC03500723795 /* model3d */ = {isa = PBXFileReference; explicitFileType = "compiled.mach-o.executable"; includeInIndex = 0; path = model3d; sourceTree = BUILT_PRODUCTS_DIR; };
		271DA60118DFC0D600BC7A8C /* model3d.cpp */ = {isa = PBXFileReference; fileEncoding = 4; lastKnownFileType = sourcecode.cpp.cpp; path = model3d.cpp; sourceTree = "<group>"; };
		271DA60218DFC0D600BC7A8C /* model3d.h */ = {isa = PBXFileReference; fileEncoding = 4; lastKnownFileType = sourcecode.c.h; path = model3d.h; sourceTree = "<group>"; };
		271DA60318DFC0D600BC7A8C /* run.cpp */ = {isa = PBXFileReference; fileEncoding = 4; lastKnownFileType = sourcecode.cpp.cpp; path = run.cpp; sourceTree = "<group>"; };
		271DA60618DFC1BF00BC7A8C /* OpenGL.framework */ = {isa = PBXFileReference; lastKnownFileType = wrapper.framework; name = OpenGL.framework; path = System/Library/Frameworks/OpenGL.framework; sourceTree = SDKROOT; };
		271DA60818DFC1DF00BC7A8C /* GLUT.framework */ = {isa = PBXFileReference; lastKnownFileType = wrapper.framework; name = GLUT.framework; path = System/Library/Frameworks/GLUT.framework; sourceTree = SDKROOT; };
/* End PBXFileReference section */

/* Begin PBXFrameworksBuildPhase section */
		2701E03D18DFC03500723795 /* Frameworks */ = {
			isa = PBXFrameworksBuildPhase;
			buildActionMask = 2147483647;
			files = (
				271DA60918DFC1DF00BC7A8C /* GLUT.framework in Frameworks */,
				271DA60718DFC1BF00BC7A8C /* OpenGL.framework in Frameworks */,
			);
			runOnlyForDeploymentPostprocessing = 0;
		};
/* End PBXFrameworksBuildPhase section */

/* Begin PBXGroup section */
		2701E03718DFC03500723795 = {
			isa = PBXGroup;
			children = (
				271DA60818DFC1DF00BC7A8C /* GLUT.framework */,
				271DA60618DFC1BF00BC7A8C /* OpenGL.framework */,
				2701E04218DFC03500723795 /* model3d */,
				2701E04118DFC03500723795 /* Products */,
			);
			sourceTree = "<group>";
		};
		2701E04118DFC03500723795 /* Products */ = {
			isa = PBXGroup;
			children = (
				2701E04018DFC03500723795 /* model3d */,
			);
			name = Products;
			sourceTree = "<group>";
		};
		2701E04218DFC03500723795 /* model3d */ = {
			isa = PBXGroup;
			children = (
				271DA60118DFC0D600BC7A8C /* model3d.cpp */,
				271DA60218DFC0D600BC7A8C /* model3d.h */,
				271DA60318DFC0D600BC7A8C /* run.cpp */,
			);
			path = model3d;
			sourceTree = "<group>";
		};
/* End PBXGroup section */

/* Begin PBXNativeTarget section */
		2701E03F18DFC03500723795 /* model3d */ = {
			isa = PBXNativeTarget;
			buildConfigurationList = 2701E04918DFC03500723795 /* Build configuration list for PBXNativeTarget "model3d" */;
			buildPhases = (
				2701E03C18DFC03500723795 /* Sources */,
				2701E03D18DFC03500723795 /* Frameworks */,
				2701E03E18DFC03500723795 /* CopyFiles */,
			);
			buildRules = (
			);
			dependencies = (
			);
			name = model3d;
			productName = model3d;
			productReference = 2701E04018DFC03500723795 /* model3d */;
			productType = "com.apple.product-type.tool";
		};
/* End PBXNativeTarget section */

/* Begin PBXProject section */
		2701E03818DFC03500723795 /* Project object */ = {
			isa = PBXProject;
			attributes = {
				LastUpgradeCheck = 0510;
				ORGANIZATIONNAME = "___FULLUSERNAME___";
			};
			buildConfigurationList = 2701E03B18DFC03500723795 /* Build configuration list for PBXProject "model3d" */;
			compatibilityVersion = "Xcode 3.2";
			developmentRegion = English;
			hasScannedForEncodings = 0;
			knownRegions = (
				en,
			);
			mainGroup = 2701E03718DFC03500723795;
			productRefGroup = 2701E04118DFC03500723795 /* Products */;
			projectDirPath = "";
			projectRoot = "";
			targets = (
				2701E03F18DFC03500723795 /* model3d */,
			);
		};
/* End PBXProject section */

/* Begin PBXSourcesBuildPhase section */
		2701E03C18DFC03500723795 /* Sources */ = {
			isa = PBXSourcesBuildPhase;
			buildActionMask = 2147483647;
			files = (
				271DA60418DFC0D600BC7A8C /* model3d.cpp in Sources */,
				271DA60518DFC0D600BC7A8C /* run.cpp in Sources */,
			);
			runOnlyForDeploymentPostprocessing = 0;
		};
/* End PBXSourcesBuildPhase section */

/* Begin XCBuildConfiguration section */
		2701E04718DFC03500723795 /* Debug */ = {
			isa = XCBuildConfiguration;
			buildSettings = {
				ALWAYS_SEARCH_USER_PATHS = NO;
				CLANG_CXX_LANGUAGE_STANDARD = "gnu++0x";
				CLANG_CXX_LIBRARY = "libc++";
				CLANG_ENABLE_MODULES = YES;
				CLANG_ENABLE_OBJC_ARC = YES;
				CLANG_WARN_BOOL_CONVERSION = YES;
				CLANG_WARN_CONSTANT_CONVERSION = YES;
				CLANG_WARN_DIRECT_OBJC_ISA_USAGE = YES_ERROR;
				CLANG_WARN_EMPTY_BODY = YES;
				CLANG_WARN_ENUM_CONVERSION = YES;
				CLANG_WARN_INT_CONVERSION = YES;
				CLANG_WARN_OBJC_ROOT_CLASS = YES_ERROR;
				CLANG_WARN__DUPLICATE_METHOD_MATCH = YES;
				COPY_PHASE_STRIP = NO;
				GCC_C_LANGUAGE_STANDARD = gnu99;
				GCC_DYNAMIC_NO_PIC = NO;
				GCC_ENABLE_OBJC_EXCEPTIONS = YES;
				GCC_OPTIMIZATION_LEVEL = 0;
				GCC_PREPROCESSOR_DEFINITIONS = (
					"DEBUG=1",
					"$(inherited)",
				);
				GCC_SYMBOLS_PRIVATE_EXTERN = NO;
				GCC_WARN_64_TO_32_BIT_CONVERSION = YES;
				GCC_WARN_ABOUT_RETURN_TYPE = YES_ERROR;
				GCC_WARN_UNDECLARED_SELECTOR = YES;
				GCC_WARN_UNINITIALIZED_AUTOS = YES_AGGRESSIVE;
				GCC_WARN_UNUSED_FUNCTION = YES;
				GCC_WARN_UNUSED_VARIABLE = YES;
				MACOSX_DEPLOYMENT_TARGET = 10.9;
				ONLY_ACTIVE_ARCH = YES;
				SDKROOT = macosx;
			};
			name = Debug;
		};
		2701E04818DFC03500723795 /* Release */ = {
			isa = XCBuildConfiguration;
			buildSettings = {
				ALWAYS_SEARCH_USER_PATHS = NO;
				CLANG_CXX_LANGUAGE_STANDARD = "gnu++0x";
				CLANG_CXX_LIBRARY = "libc++";
				CLANG_ENABLE_MODULES = YES;
				CLANG_ENABLE_OBJC_ARC = YES;
				CLANG_WARN_BOOL_CONVERSION = YES;
				CLANG_WARN_CONSTANT_CONVERSION = YES;
				CLANG_WARN_DIRECT_OBJC_ISA_USAGE = YES_ERROR;
				CLANG_WARN_EMPTY_BODY = YES;
				CLANG_WARN_ENUM_CONVERSION = YES;
				CLANG_WARN_INT_CONVERSION = YES;
				CLANG_WARN_OBJC_ROOT_CLASS = YES_ERROR;
				CLANG_WARN__DUPLICATE_METHOD_MATCH = YES;
				COPY_PHASE_STRIP = YES;
				DEBUG_INFORMATION_FORMAT = "dwarf-with-dsym";
				ENABLE_NS_ASSERTIONS = NO;
				GCC_C_LANGUAGE_STANDARD = gnu99;
				GCC_ENABLE_OBJC_EXCEPTIONS = YES;
				GCC_WARN_64_TO_32_BIT_CONVERSION = YES;
				GCC_WARN_ABOUT_RETURN_TYPE = YES_ERROR;
				GCC_WARN_UNDECLARED_SELECTOR = YES;
				GCC_WARN_UNINITIALIZED_AUTOS = YES_AGGRESSIVE;
				GCC_WARN_UNUSED_FUNCTION = YES;
				GCC_WARN_UNUSED_VARIABLE = YES;
				MACOSX_DEPLOYMENT_TARGET = 10.9;
				SDKROOT = macosx;
			};
			name = Release;
		};
		2701E04A18DFC03500723795 /* Debug */ = {
			isa = XCBuildConfiguration;
			buildSettings = {
				PRODUCT_NAME = "$(TARGET_NAME)";
			};
			name = Debug;
		};
		2701E04B18DFC03500723795 /* Release */ = {
			isa = XCBuildConfiguration;
			buildSettings = {
				PRODUCT_NAME = "$(TARGET_NAME)";
			};
			name = Release;
		};
/* End XCBuildConfiguration section */

/* Begin XCConfigurationList section */
		2701E03B18DFC03500723795 /* Build configuration list for PBXProject "model3d" */ = {
			isa = XCConfigurationList;
			buildConfigurations = (
				2701E04718DFC03500723795 /* Debug */,
				2701E04818DFC03500723795 /* Release */,
			);
			defaultConfigurationIsVisible = 0;
			defaultConfigurationName = Release;
		};
		2701E04918DFC03500723795 /* Build configuration list for PBXNativeTarget "model3d" */ = {
			isa = XCConfigurationList;
			buildConfigurations = (
				2701E04A18DFC03500723795 /* Debug */,
				2701E04B18DFC03500723795 /* Release */,
			);
			defaultConfigurationIsVisible = 0;
			defaultConfigurationName = Release;
		};
/* End XCConfigurationList section */
	};
	rootObject = 2701E03818DFC03500723795 /* Project object */;
}
